github.com/go-ruby-format/format v0.0.0-20260703115518-8adcf1b4af5f h1:N4nvZMNtLocbwcjJiXIhZ0gq8r0fUc7J3F/U2hnDMYQ=
github.com/go-ruby-format/format v0.0.0-20260703115518-8adcf1b4af5f/go.mod h1:1tuz12SHPOcnFSfdPYRFwVvRhMT4Xn4M4jfPFgM7pLA=
github.com/go-ruby-format/format v0.0.0-20260815195335-4038d17b79a1 h1:TgyhqiG4MVsDnL9X1SEhfEEfbdqWooPJFdbJJkyCpK8=
github.com/go-ruby-format/format v0.0.0-20260815195335-4038d17b79a1/go.mod h1:1tuz12SHPOcnFSfdPYRFwVvRhMT4Xn4M4jfPFgM7pLA=
github.com/go-ruby-format/format v0.0.0-20260831115501-f58c7d12507c h1:ffhla/GiFfRo9sfePiyW9kvXOx/Y0GYhIk+vinmBgTs=
github.com/go-ruby-format/format v0.0.0-20260831115501-f58c7d12507c/go.mod h1:1tuz12SHPOcnFSfdPYRFwVvRhMT4Xn4M4jfPFgM7pLA=
github.com/go-ruby-format/format v0.0.0-20260916093306-887300990e07 h1:jPTvLfwlvAoa6GTyU9dZ5EW102x+6GC+sC3b9qrS61A=
github.com/go-ruby-format/format v0.0.0-20260916093306-887300990e07/go.mod h1:1tuz12SHPOcnFSfdPYRFwVvRhMT4Xn4M4jfPFgM7pLA=
github.com/go-ruby-format/format v0.0.0-20261005011806-3aff62c31033 h1:6gh4QTChwaK82kPtlCp40yngTccQKOB7dI4cMaq/brY=
github.com/go-ruby-format/format v0.0.0-20261005011806-3aff62c31033/go.mod h1:XppheIUqyYR5dhpHlAM+LRYtDM0Keqpz4v3nIrbD0n4=
